PODS:
  - Alamofire (5.5.0)
  - Differentiator (5.0.0)
  - Firebase/CoreOnly (8.11.0):
    - FirebaseCore (= 8.11.0)
  - Firebase/Messaging (8.11.0):
    - Firebase/CoreOnly
    - FirebaseMessaging (~> 8.11.0)
  - FirebaseCore (8.11.0):
    - FirebaseCoreDiagnostics (~> 8.0)
    - GoogleUtilities/Environment (~> 7.7)
    - GoogleUtilities/Logger (~> 7.7)
  - FirebaseCoreDiagnostics (8.11.0):
    - GoogleDataTransport (~> 9.1)
    - GoogleUtilities/Environment (~> 7.7)
    - GoogleUtilities/Logger (~> 7.7)
    - nanopb (~> 2.30908.0)
  - FirebaseInstallations (8.11.0):
    - FirebaseCore (~> 8.0)
    - GoogleUtilities/Environment (~> 7.7)
    - GoogleUtilities/UserDefaults (~> 7.7)
    - PromisesObjC (< 3.0, >= 1.2)
  - FirebaseMessaging (8.11.0):
    - FirebaseCore (~> 8.0)
    - FirebaseInstallations (~> 8.0)
    - GoogleDataTransport (~> 9.1)
    - GoogleUtilities/AppDelegateSwizzler (~> 7.7)
    - GoogleUtilities/Environment (~> 7.7)
    - GoogleUtilities/Reachability (~> 7.7)
    - GoogleUtilities/UserDefaults (~> 7.7)
    - nanopb (~> 2.30908.0)
  - GoogleDataTransport (9.1.2):
    - GoogleUtilities/Environment (~> 7.2)
    - nanopb (~> 2.30908.0)
    - PromisesObjC (< 3.0, >= 1.2)
  - GoogleUtilities/AppDelegateSwizzler (7.7.0):
    - GoogleUtilities/Environment
    - GoogleUtilities/Logger
    - GoogleUtilities/Network
  - GoogleUtilities/Environment (7.7.0):
    - PromisesObjC (< 3.0, >= 1.2)
  - GoogleUtilities/Logger (7.7.0):
    - GoogleUtilities/Environment
  - GoogleUtilities/Network (7.7.0):
    - GoogleUtilities/Logger
    - "GoogleUtilities/NSData+zlib"
    - GoogleUtilities/Reachability
  - "GoogleUtilities/NSData+zlib (7.7.0)"
  - GoogleUtilities/Reachability (7.7.0):
    - GoogleUtilities/Logger
  - GoogleUtilities/UserDefaults (7.7.0):
    - GoogleUtilities/Logger
  - ImageSlideshow (1.9.2):
    - ImageSlideshow/Core (= 1.9.2)
  - ImageSlideshow/Core (1.9.2)
  - ImageSlideshow/Kingfisher (1.9.2):
    - ImageSlideshow/Core
    - Kingfisher (> 3.0)
  - KakaoSDKAuth (2.8.5):
    - KakaoSDKCommon (= 2.8.5)
  - KakaoSDKCommon (2.8.5):
    - KakaoSDKCommon/Common (= 2.8.5)
    - KakaoSDKCommon/Network (= 2.8.5)
  - KakaoSDKCommon/Common (2.8.5)
  - KakaoSDKCommon/Network (2.8.5):
    - Alamofire (~> 5.1)
    - KakaoSDKCommon/Common (= 2.8.5)
  - KakaoSDKLink (2.8.5):
    - KakaoSDKCommon (= 2.8.5)
    - KakaoSDKTemplate (= 2.8.5)
  - KakaoSDKNavi (2.8.5):
    - KakaoSDKCommon/Common (= 2.8.5)
  - KakaoSDKStory (2.8.5):
    - KakaoSDKUser (= 2.8.5)
  - KakaoSDKTalk (2.8.5):
    - KakaoSDKTemplate (= 2.8.5)
    - KakaoSDKUser (= 2.8.5)
  - KakaoSDKTemplate (2.8.5):
    - KakaoSDKCommon/Common (= 2.8.5)
  - KakaoSDKUser (2.8.5):
    - KakaoSDKAuth (= 2.8.5)
  - Kingfisher (7.1.2)
  - Moya/Core (15.0.0):
    - Alamofire (~> 5.0)
  - Moya/RxSwift (15.0.0):
    - Moya/Core
    - RxSwift (~> 6.0)
  - nanopb (2.30908.0):
    - nanopb/decode (= 2.30908.0)
    - nanopb/encode (= 2.30908.0)
  - nanopb/decode (2.30908.0)
  - nanopb/encode (2.30908.0)
  - NVActivityIndicatorView (5.1.1):
    - NVActivityIndicatorView/Base (= 5.1.1)
  - NVActivityIndicatorView/Base (5.1.1)
  - PromisesObjC (2.0.0)
  - RxAlamofire (6.1.1):
    - RxAlamofire/Core (= 6.1.1)
  - RxAlamofire/Core (6.1.1):
    - Alamofire (~> 5.4)
    - RxSwift (~> 6.0)
  - RxAppState (1.7.1):
    - RxCocoa (~> 6.2)
    - RxSwift (~> 6.2)
  - RxCocoa (6.5.0):
    - RxRelay (= 6.5.0)
    - RxSwift (= 6.5.0)
  - RxDataSources (5.0.0):
    - Differentiator (~> 5.0)
    - RxCocoa (~> 6.0)
    - RxSwift (~> 6.0)
  - RxGesture (4.0.3):
    - RxCocoa (~> 6.0)
    - RxSwift (~> 6.0)
  - RxKakaoSDK (2.8.5):
    - KakaoSDKNavi (= 2.8.5)
    - KakaoSDKTemplate (= 2.8.5)
    - RxKakaoSDKAuth (= 2.8.5)
    - RxKakaoSDKCommon (= 2.8.5)
    - RxKakaoSDKLink (= 2.8.5)
    - RxKakaoSDKStory (= 2.8.5)
    - RxKakaoSDKTalk (= 2.8.5)
    - RxKakaoSDKUser (= 2.8.5)
  - RxKakaoSDKAuth (2.8.5):
    - KakaoSDKAuth (= 2.8.5)
    - RxKakaoSDKCommon (= 2.8.5)
  - RxKakaoSDKCommon (2.8.5):
    - RxKakaoSDKCommon/Common (= 2.8.5)
    - RxKakaoSDKCommon/Network (= 2.8.5)
  - RxKakaoSDKCommon/Common (2.8.5):
    - KakaoSDKCommon/Common (= 2.8.5)
    - RxCocoa
    - RxSwift (~> 6.0)
  - RxKakaoSDKCommon/Network (2.8.5):
    - KakaoSDKCommon/Network (= 2.8.5)
    - RxAlamofire (~> 6.0)
    - RxKakaoSDKCommon/Common (= 2.8.5)
  - RxKakaoSDKLink (2.8.5):
    - KakaoSDKLink (= 2.8.5)
    - RxKakaoSDKCommon (= 2.8.5)
  - RxKakaoSDKStory (2.8.5):
    - KakaoSDKStory (= 2.8.5)
    - RxKakaoSDKUser (= 2.8.5)
  - RxKakaoSDKTalk (2.8.5):
    - KakaoSDKTalk (= 2.8.5)
    - KakaoSDKTemplate (= 2.8.5)
    - RxKakaoSDKUser (= 2.8.5)
  - RxKakaoSDKUser (2.8.5):
    - KakaoSDKUser (= 2.8.5)
    - RxKakaoSDKAuth (= 2.8.5)
  - RxRelay (6.5.0):
    - RxSwift (= 6.5.0)
  - RxSwift (6.5.0)
  - Siren (5.8.1)
  - SnapKit (5.0.1)
  - Then (2.7.0)
  - Toast-Swift (5.0.1)
  - TTGTagCollectionView (2.1.0)

DEPENDENCIES:
  - Firebase/Messaging
  - ImageSlideshow (~> 1.9.0)
  - ImageSlideshow/Kingfisher
  - Kingfisher (~> 7.0)
  - Moya/RxSwift (~> 15.0)
  - NVActivityIndicatorView
  - RxAppState
  - RxCocoa (= 6.5.0)
  - RxDataSources (~> 5.0)
  - RxGesture
  - RxKakaoSDK
  - RxSwift (= 6.5.0)
  - Siren
  - SnapKit (~> 5.0.0)
  - Then
  - Toast-Swift (~> 5.0.1)
  - TTGTagCollectionView

SPEC REPOS:
  trunk:
    - Alamofire
    - Differentiator
    - Firebase
    - FirebaseCore
    - FirebaseCoreDiagnostics
    - FirebaseInstallations
    - FirebaseMessaging
    - GoogleDataTransport
    - GoogleUtilities
    - ImageSlideshow
    - KakaoSDKAuth
    - KakaoSDKCommon
    - KakaoSDKLink
    - KakaoSDKNavi
    - KakaoSDKStory
    - KakaoSDKTalk
    - KakaoSDKTemplate
    - KakaoSDKUser
    - Kingfisher
    - Moya
    - nanopb
    - NVActivityIndicatorView
    - PromisesObjC
    - RxAlamofire
    - RxAppState
    - RxCocoa
    - RxDataSources
    - RxGesture
    - RxKakaoSDK
    - RxKakaoSDKAuth
    - RxKakaoSDKCommon
    - RxKakaoSDKLink
    - RxKakaoSDKStory
    - RxKakaoSDKTalk
    - RxKakaoSDKUser
    - RxRelay
    - RxSwift
    - Siren
    - SnapKit
    - Then
    - Toast-Swift
    - TTGTagCollectionView

SPEC CHECKSUMS:
  Alamofire: 1c4fb5369c3fe93d2857c780d8bbe09f06f97e7c
  Differentiator: e8497ceab83c1b10ca233716d547b9af21b9344d
  Firebase: 44dd9724c84df18b486639e874f31436eaa9a20c
  FirebaseCore: 2f4f85b453cc8fea4bb2b37e370007d2bcafe3f0
  FirebaseCoreDiagnostics: 64d9709d804a6c25bd77841371c1fcfd909d5601
  FirebaseInstallations: 044eede8a049bce71c4541ee68d6e4364fcbe774
  FirebaseMessaging: 02e248e8997f71fa8cc9d78e9d49ec1a701ba14a
  GoogleDataTransport: 629c20a4d363167143f30ea78320d5a7eb8bd940
  GoogleUtilities: e0913149f6b0625b553d70dae12b49fc62914fd1
  ImageSlideshow: be305b54eaf2b2cfc7a7141c7c734605d44dc07d
  KakaoSDKAuth: a9033bd3fbbb9a8c74dcd0dbd7705f7a2bc50ff1
  KakaoSDKCommon: b98d08cf838effdc9b82aca7dee3e50c048880ca
  KakaoSDKLink: 0c93cf5ad2bf73c4e2cb8db5820cd71a9c97feb8
  KakaoSDKNavi: 278b8e8435fe964bd525d683b35313257b2890a7
  KakaoSDKStory: 65793d1dd46e01bed461a8cb453c13dbd4bc8721
  KakaoSDKTalk: 782952e48f8343db5ff3be434cd4b9fd5fed1b1d
  KakaoSDKTemplate: 903808a8e0bfcae8f00f8561c3e8cb9eef5ed7e6
  KakaoSDKUser: a76667bb06c1d5072178eea5cee4ac9fdba94679
  Kingfisher: 44ed6a8504763f27bab46163adfac83f5deb240c
  Moya: 138f0573e53411fb3dc17016add0b748dfbd78ee
  nanopb: a0ba3315591a9ae0a16a309ee504766e90db0c96
  NVActivityIndicatorView: 1f6c5687f1171810aa27a3296814dc2d7dec3667
  PromisesObjC: 68159ce6952d93e17b2dfe273b8c40907db5ba58
  RxAlamofire: beb75a1c452d0de225651db4903f5d29d034a620
  RxAppState: 9c34f951d4ff8b9034f84016fe766202365bceb2
  RxCocoa: 94f817b71c07517321eb4f9ad299112ca8af743b
  RxDataSources: aa47cc1ed6c500fa0dfecac5c979b723542d79cf
  RxGesture: abadd243fc36db74df43dfc893829ddde94f1a3d
  RxKakaoSDK: d827d0723293704903b805c9f3747e3ebc30a706
  RxKakaoSDKAuth: ae3b2fb29efa31961b71eb374e9e3243d5a80022
  RxKakaoSDKCommon: c1d64e3ebd6ff2721257684f222599f14cf6acf2
  RxKakaoSDKLink: 48e3013259f21819cc40137c6e243df24c729889
  RxKakaoSDKStory: ea2353027445e3717a6ef10dfd0f3c601e3f0991
  RxKakaoSDKTalk: 1eadd942f1bc3c4be84af4c64ddfa0192b541d6a
  RxKakaoSDKUser: a8246bf552f86715295607bd62e7ff188f06ced3
  RxRelay: 1de1523e604c72b6c68feadedd1af3b1b4d0ecbd
  RxSwift: 5710a9e6b17f3c3d6e40d6e559b9fa1e813b2ef8
  Siren: de768099aff1f1c9acda4247064788a4940b4bf3
  SnapKit: 97b92857e3df3a0c71833cce143274bf6ef8e5eb
  Then: acfe0be7e98221c6204e12f8161459606d5d822d
  Toast-Swift: 9b6a70f28b3bf0b96c40d46c0c4b9d6639846711
  TTGTagCollectionView: a2a8668c659b39e7a6ffd6590475ea53a7ae95f7

PODFILE CHECKSUM: 833cd6602ee2f8e4dccd9fa2475706d38e27870a

COCOAPODS: 1.11.2
